
Microsoft Visual Studio Solution File, Format Version 12.00
# Visual Studio Version 17
VisualStudioVersion = 17.9.34622.214
MinimumVisualStudioVersion = 10.0.40219.1
Project("{FAE04EC0-301F-11D3-BF4B-00C04F79EFBC}") = "sameaps", "sameaps\sameaps.csproj", "{BFBCCEC4-EBD1-4148-90CC-DFB72662E784}"
EndProject
Global
	GlobalSection(SolutionConfigurationPlatforms) = preSolution
		Debug|Any CPU = Debug|Any CPU
		Release|Any CPU = Release|Any CPU
	EndGlobalSection
	GlobalSection(ProjectConfigurationPlatforms) = postSolution
		{BFBCCEC4-EBD1-4148-90CC-DFB72662E784}.Debug|Any CPU.ActiveCfg = Debug|Any CPU
		{BFBCCEC4-EBD1-4148-90CC-DFB72662E784}.Debug|Any CPU.Build.0 = Debug|Any CPU
		{BFBCCEC4-EBD1-4148-90CC-DFB72662E784}.Release|Any CPU.ActiveCfg = Release|Any CPU
		{BFBCCEC4-EBD1-4148-90CC-DFB72662E784}.Release|Any CPU.Build.0 = Release|Any CPU
	EndGlobalSection
	GlobalSection(SolutionProperties) = preSolution
		HideSolutionNode = FALSE
	EndGlobalSection
	GlobalSection(ExtensibilityGlobals) = postSolution
		SolutionGuid = {9A5841A2-C506-4D29-971A-DFB0596933ED}
	EndGlobalSection
EndGlobal
